
Microsoft Visual Studio Solution File, Format Version 12.00
# Visual Studio Version 17
VisualStudioVersion = 17.8.0.0
MinimumVisualStudioVersion = 17.8.0.0
Project("{9A19103F-16F7-4668-BE54-9A1E7A4F7556}") = "JD.Worker.Orchestrator.AppHost", "JD.Worker.Orchestrator.AppHost\JD.Worker.Orchestrator.AppHost.csproj", "{4C07EC69-867F-4399-9C57-A489C83E5191}"
EndProject
Project("{9A19103F-16F7-4668-BE54-9A1E7A4F7556}") = "JD.Worker.Orchestrator.ServiceDefaults", "JD.Worker.Orchestrator.ServiceDefaults\JD.Worker.Orchestrator.ServiceDefaults.csproj", "{68D45599-8BCC-4B38-8B75-5E14527E5E5C}"
EndProject
Project("{9A19103F-16F7-4668-BE54-9A1E7A4F7556}") = "JD.Worker.Orchestrator.ApiService", "JD.Worker.Orchestrator.ApiService\JD.Worker.Orchestrator.ApiService.csproj", "{96ECF5CE-DA3D-4F5B-8EA5-E5900D78024B}"
EndProject
Project("{9A19103F-16F7-4668-BE54-9A1E7A4F7556}") = "JD.Worker.Orchestrator.Web", "JD.Worker.Orchestrator.Web\JD.Worker.Orchestrator.Web.csproj", "{27680D74-4B8B-477B-81A7-12DD596C83D1}"
EndProject
Project("{2150E333-8FDC-42A3-9474-1A3956D46DE8}") = "src", "src", "{827E0CD3-B72D-47B6-A68D-7590B98EB39B}"
EndProject
Project("{FAE04EC0-301F-11D3-BF4B-00C04F79EFBC}") = "JD.Worker.Abstractions", "src\JD.Worker.Abstractions\JD.Worker.Abstractions.csproj", "{9DAFD006-AC00-4A6D-A897-19B42EA09AA7}"
EndProject
Project("{FAE04EC0-301F-11D3-BF4B-00C04F79EFBC}") = "JD.Worker.Configuration", "src\JD.Worker.Configuration\JD.Worker.Configuration.csproj", "{CECBA8A3-DE03-434B-AEBF-028435643F82}"
EndProject
Project("{FAE04EC0-301F-11D3-BF4B-00C04F79EFBC}") = "JD.Worker.Cli", "src\JD.Worker.Cli\JD.Worker.Cli.csproj", "{99043329-693D-4376-9B89-22356A25553F}"
EndProject
Project("{2150E333-8FDC-42A3-9474-1A3956D46DE8}") = "tests", "tests", "{0AB3BF05-4346-4AA6-1389-037BE0695223}"
EndProject
Project("{FAE04EC0-301F-11D3-BF4B-00C04F79EFBC}") = "JD.Worker.Configuration.Tests", "tests\JD.Worker.Configuration.Tests\JD.Worker.Configuration.Tests.csproj", "{259E5A1E-D248-4EEB-9D76-AEF2CABD2667}"
EndProject
Project("{FAE04EC0-301F-11D3-BF4B-00C04F79EFBC}") = "JD.Worker.Core", "src\JD.Worker.Core\JD.Worker.Core.csproj", "{71B1AC89-1EBD-4C78-829E-A307E5E976B9}"
EndProject
Project("{FAE04EC0-301F-11D3-BF4B-00C04F79EFBC}") = "JD.Worker.Core.Tests", "tests\JD.Worker.Core.Tests\JD.Worker.Core.Tests.csproj", "{EC8B6CEA-554E-4005-A0F2-06CC0032CFDA}"
EndProject
Project("{2150E333-8FDC-42A3-9474-1A3956D46DE8}") = "Connectors", "Connectors", "{237CDB4C-E7C4-795B-969A-4CCB7C8B335B}"
EndProject
Project("{FAE04EC0-301F-11D3-BF4B-00C04F79EFBC}") = "JD.Worker.Connectors.Http", "src\Connectors\JD.Worker.Connectors.Http\JD.Worker.Connectors.Http.csproj", "{4EB74F9F-1F1B-4406-9C00-B4D8E0EF2D76}"
EndProject
Project("{FAE04EC0-301F-11D3-BF4B-00C04F79EFBC}") = "JD.Worker.Connectors.Local", "src\Connectors\JD.Worker.Connectors.Local\JD.Worker.Connectors.Local.csproj", "{74908555-22D3-42ED-B587-62AD25B92087}"
EndProject
Global
	GlobalSection(SolutionConfigurationPlatforms) = preSolution
		Debug|Any CPU = Debug|Any CPU
		Debug|x64 = Debug|x64
		Debug|x86 = Debug|x86
		Release|Any CPU = Release|Any CPU
		Release|x64 = Release|x64
		Release|x86 = Release|x86
	EndGlobalSection
	GlobalSection(ProjectConfigurationPlatforms) = postSolution
		{4C07EC69-867F-4399-9C57-A489C83E5191}.Debug|Any CPU.ActiveCfg = Debug|Any CPU
		{4C07EC69-867F-4399-9C57-A489C83E5191}.Debug|Any CPU.Build.0 = Debug|Any CPU
		{4C07EC69-867F-4399-9C57-A489C83E5191}.Debug|x64.ActiveCfg = Debug|Any CPU
		{4C07EC69-867F-4399-9C57-A489C83E5191}.Debug|x64.Build.0 = Debug|Any CPU
		{4C07EC69-867F-4399-9C57-A489C83E5191}.Debug|x86.ActiveCfg = Debug|Any CPU
		{4C07EC69-867F-4399-9C57-A489C83E5191}.Debug|x86.Build.0 = Debug|Any CPU
		{4C07EC69-867F-4399-9C57-A489C83E5191}.Release|Any CPU.ActiveCfg = Release|Any CPU
		{4C07EC69-867F-4399-9C57-A489C83E5191}.Release|Any CPU.Build.0 = Release|Any CPU
		{4C07EC69-867F-4399-9C57-A489C83E5191}.Release|x64.ActiveCfg = Release|Any CPU
		{4C07EC69-867F-4399-9C57-A489C83E5191}.Release|x64.Build.0 = Release|Any CPU
		{4C07EC69-867F-4399-9C57-A489C83E5191}.Release|x86.ActiveCfg = Release|Any CPU
		{4C07EC69-867F-4399-9C57-A489C83E5191}.Release|x86.Build.0 = Release|Any CPU
		{68D45599-8BCC-4B38-8B75-5E14527E5E5C}.Debug|Any CPU.ActiveCfg = Debug|Any CPU
		{68D45599-8BCC-4B38-8B75-5E14527E5E5C}.Debug|Any CPU.Build.0 = Debug|Any CPU
		{68D45599-8BCC-4B38-8B75-5E14527E5E5C}.Debug|x64.ActiveCfg = Debug|Any CPU
		{68D45599-8BCC-4B38-8B75-5E14527E5E5C}.Debug|x64.Build.0 = Debug|Any CPU
		{68D45599-8BCC-4B38-8B75-5E14527E5E5C}.Debug|x86.ActiveCfg = Debug|Any CPU
		{68D45599-8BCC-4B38-8B75-5E14527E5E5C}.Debug|x86.Build.0 = Debug|Any CPU
		{68D45599-8BCC-4B38-8B75-5E14527E5E5C}.Release|Any CPU.ActiveCfg = Release|Any CPU
		{68D45599-8BCC-4B38-8B75-5E14527E5E5C}.Release|Any CPU.Build.0 = Release|Any CPU
		{68D45599-8BCC-4B38-8B75-5E14527E5E5C}.Release|x64.ActiveCfg = Release|Any CPU
		{68D45599-8BCC-4B38-8B75-5E14527E5E5C}.Release|x64.Build.0 = Release|Any CPU
		{68D45599-8BCC-4B38-8B75-5E14527E5E5C}.Release|x86.ActiveCfg = Release|Any CPU
		{68D45599-8BCC-4B38-8B75-5E14527E5E5C}.Release|x86.Build.0 = Release|Any CPU
		{96ECF5CE-DA3D-4F5B-8EA5-E5900D78024B}.Debug|Any CPU.ActiveCfg = Debug|Any CPU
		{96ECF5CE-DA3D-4F5B-8EA5-E5900D78024B}.Debug|Any CPU.Build.0 = Debug|Any CPU
		{96ECF5CE-DA3D-4F5B-8EA5-E5900D78024B}.Debug|x64.ActiveCfg = Debug|Any CPU
		{96ECF5CE-DA3D-4F5B-8EA5-E5900D78024B}.Debug|x64.Build.0 = Debug|Any CPU
		{96ECF5CE-DA3D-4F5B-8EA5-E5900D78024B}.Debug|x86.ActiveCfg = Debug|Any CPU
		{96ECF5CE-DA3D-4F5B-8EA5-E5900D78024B}.Debug|x86.Build.0 = Debug|Any CPU
		{96ECF5CE-DA3D-4F5B-8EA5-E5900D78024B}.Release|Any CPU.ActiveCfg = Release|Any CPU
		{96ECF5CE-DA3D-4F5B-8EA5-E5900D78024B}.Release|Any CPU.Build.0 = Release|Any CPU
		{96ECF5CE-DA3D-4F5B-8EA5-E5900D78024B}.Release|x64.ActiveCfg = Release|Any CPU
		{96ECF5CE-DA3D-4F5B-8EA5-E5900D78024B}.Release|x64.Build.0 = Release|Any CPU
		{96ECF5CE-DA3D-4F5B-8EA5-E5900D78024B}.Release|x86.ActiveCfg = Release|Any CPU
		{96ECF5CE-DA3D-4F5B-8EA5-E5900D78024B}.Release|x86.Build.0 = Release|Any CPU
		{27680D74-4B8B-477B-81A7-12DD596C83D1}.Debug|Any CPU.ActiveCfg = Debug|Any CPU
		{27680D74-4B8B-477B-81A7-12DD596C83D1}.Debug|Any CPU.Build.0 = Debug|Any CPU
		{27680D74-4B8B-477B-81A7-12DD596C83D1}.Debug|x64.ActiveCfg = Debug|Any CPU
		{27680D74-4B8B-477B-81A7-12DD596C83D1}.Debug|x64.Build.0 = Debug|Any CPU
		{27680D74-4B8B-477B-81A7-12DD596C83D1}.Debug|x86.ActiveCfg = Debug|Any CPU
		{27680D74-4B8B-477B-81A7-12DD596C83D1}.Debug|x86.Build.0 = Debug|Any CPU
		{27680D74-4B8B-477B-81A7-12DD596C83D1}.Release|Any CPU.ActiveCfg = Release|Any CPU
		{27680D74-4B8B-477B-81A7-12DD596C83D1}.Release|Any CPU.Build.0 = Release|Any CPU
		{27680D74-4B8B-477B-81A7-12DD596C83D1}.Release|x64.ActiveCfg = Release|Any CPU
		{27680D74-4B8B-477B-81A7-12DD596C83D1}.Release|x64.Build.0 = Release|Any CPU
		{27680D74-4B8B-477B-81A7-12DD596C83D1}.Release|x86.ActiveCfg = Release|Any CPU
		{27680D74-4B8B-477B-81A7-12DD596C83D1}.Release|x86.Build.0 = Release|Any CPU
		{9DAFD006-AC00-4A6D-A897-19B42EA09AA7}.Debug|Any CPU.ActiveCfg = Debug|Any CPU
		{9DAFD006-AC00-4A6D-A897-19B42EA09AA7}.Debug|Any CPU.Build.0 = Debug|Any CPU
		{9DAFD006-AC00-4A6D-A897-19B42EA09AA7}.Debug|x64.ActiveCfg = Debug|Any CPU
		{9DAFD006-AC00-4A6D-A897-19B42EA09AA7}.Debug|x64.Build.0 = Debug|Any CPU
		{9DAFD006-AC00-4A6D-A897-19B42EA09AA7}.Debug|x86.ActiveCfg = Debug|Any CPU
		{9DAFD006-AC00-4A6D-A897-19B42EA09AA7}.Debug|x86.Build.0 = Debug|Any CPU
		{9DAFD006-AC00-4A6D-A897-19B42EA09AA7}.Release|Any CPU.ActiveCfg = Release|Any CPU
		{9DAFD006-AC00-4A6D-A897-19B42EA09AA7}.Release|Any CPU.Build.0 = Release|Any CPU
		{9DAFD006-AC00-4A6D-A897-19B42EA09AA7}.Release|x64.ActiveCfg = Release|Any CPU
		{9DAFD006-AC00-4A6D-A897-19B42EA09AA7}.Release|x64.Build.0 = Release|Any CPU
		{9DAFD006-AC00-4A6D-A897-19B42EA09AA7}.Release|x86.ActiveCfg = Release|Any CPU
		{9DAFD006-AC00-4A6D-A897-19B42EA09AA7}.Release|x86.Build.0 = Release|Any CPU
		{CECBA8A3-DE03-434B-AEBF-028435643F82}.Debug|Any CPU.ActiveCfg = Debug|Any CPU
		{CECBA8A3-DE03-434B-AEBF-028435643F82}.Debug|Any CPU.Build.0 = Debug|Any CPU
		{CECBA8A3-DE03-434B-AEBF-028435643F82}.Debug|x64.ActiveCfg = Debug|Any CPU
		{CECBA8A3-DE03-434B-AEBF-028435643F82}.Debug|x64.Build.0 = Debug|Any CPU
		{CECBA8A3-DE03-434B-AEBF-028435643F82}.Debug|x86.ActiveCfg = Debug|Any CPU
		{CECBA8A3-DE03-434B-AEBF-028435643F82}.Debug|x86.Build.0 = Debug|Any CPU
		{CECBA8A3-DE03-434B-AEBF-028435643F82}.Release|Any CPU.ActiveCfg = Release|Any CPU
		{CECBA8A3-DE03-434B-AEBF-028435643F82}.Release|Any CPU.Build.0 = Release|Any CPU
		{CECBA8A3-DE03-434B-AEBF-028435643F82}.Release|x64.ActiveCfg = Release|Any CPU
		{CECBA8A3-DE03-434B-AEBF-028435643F82}.Release|x64.Build.0 = Release|Any CPU
		{CECBA8A3-DE03-434B-AEBF-028435643F82}.Release|x86.ActiveCfg = Release|Any CPU
		{CECBA8A3-DE03-434B-AEBF-028435643F82}.Release|x86.Build.0 = Release|Any CPU
		{99043329-693D-4376-9B89-22356A25553F}.Debug|Any CPU.ActiveCfg = Debug|Any CPU
		{99043329-693D-4376-9B89-22356A25553F}.Debug|Any CPU.Build.0 = Debug|Any CPU
		{99043329-693D-4376-9B89-22356A25553F}.Debug|x64.ActiveCfg = Debug|Any CPU
		{99043329-693D-4376-9B89-22356A25553F}.Debug|x64.Build.0 = Debug|Any CPU
		{99043329-693D-4376-9B89-22356A25553F}.Debug|x86.ActiveCfg = Debug|Any CPU
		{99043329-693D-4376-9B89-22356A25553F}.Debug|x86.Build.0 = Debug|Any CPU
		{99043329-693D-4376-9B89-22356A25553F}.Release|Any CPU.ActiveCfg = Release|Any CPU
		{99043329-693D-4376-9B89-22356A25553F}.Release|Any CPU.Build.0 = Release|Any CPU
		{99043329-693D-4376-9B89-22356A25553F}.Release|x64.ActiveCfg = Release|Any CPU
		{99043329-693D-4376-9B89-22356A25553F}.Release|x64.Build.0 = Release|Any CPU
		{99043329-693D-4376-9B89-22356A25553F}.Release|x86.ActiveCfg = Release|Any CPU
		{99043329-693D-4376-9B89-22356A25553F}.Release|x86.Build.0 = Release|Any CPU
		{259E5A1E-D248-4EEB-9D76-AEF2CABD2667}.Debug|Any CPU.ActiveCfg = Debug|Any CPU
		{259E5A1E-D248-4EEB-9D76-AEF2CABD2667}.Debug|Any CPU.Build.0 = Debug|Any CPU
		{259E5A1E-D248-4EEB-9D76-AEF2CABD2667}.Debug|x64.ActiveCfg = Debug|Any CPU
		{259E5A1E-D248-4EEB-9D76-AEF2CABD2667}.Debug|x64.Build.0 = Debug|Any CPU
		{259E5A1E-D248-4EEB-9D76-AEF2CABD2667}.Debug|x86.ActiveCfg = Debug|Any CPU
		{259E5A1E-D248-4EEB-9D76-AEF2CABD2667}.Debug|x86.Build.0 = Debug|Any CPU
		{259E5A1E-D248-4EEB-9D76-AEF2CABD2667}.Release|Any CPU.ActiveCfg = Release|Any CPU
		{259E5A1E-D248-4EEB-9D76-AEF2CABD2667}.Release|Any CPU.Build.0 = Release|Any CPU
		{259E5A1E-D248-4EEB-9D76-AEF2CABD2667}.Release|x64.ActiveCfg = Release|Any CPU
		{259E5A1E-D248-4EEB-9D76-AEF2CABD2667}.Release|x64.Build.0 = Release|Any CPU
		{259E5A1E-D248-4EEB-9D76-AEF2CABD2667}.Release|x86.ActiveCfg = Release|Any CPU
		{259E5A1E-D248-4EEB-9D76-AEF2CABD2667}.Release|x86.Build.0 = Release|Any CPU
		{71B1AC89-1EBD-4C78-829E-A307E5E976B9}.Debug|Any CPU.ActiveCfg = Debug|Any CPU
		{71B1AC89-1EBD-4C78-829E-A307E5E976B9}.Debug|Any CPU.Build.0 = Debug|Any CPU
		{71B1AC89-1EBD-4C78-829E-A307E5E976B9}.Debug|x64.ActiveCfg = Debug|Any CPU
		{71B1AC89-1EBD-4C78-829E-A307E5E976B9}.Debug|x64.Build.0 = Debug|Any CPU
		{71B1AC89-1EBD-4C78-829E-A307E5E976B9}.Debug|x86.ActiveCfg = Debug|Any CPU
		{71B1AC89-1EBD-4C78-829E-A307E5E976B9}.Debug|x86.Build.0 = Debug|Any CPU
		{71B1AC89-1EBD-4C78-829E-A307E5E976B9}.Release|Any CPU.ActiveCfg = Release|Any CPU
		{71B1AC89-1EBD-4C78-829E-A307E5E976B9}.Release|Any CPU.Build.0 = Release|Any CPU
		{71B1AC89-1EBD-4C78-829E-A307E5E976B9}.Release|x64.ActiveCfg = Release|Any CPU
		{71B1AC89-1EBD-4C78-829E-A307E5E976B9}.Release|x64.Build.0 = Release|Any CPU
		{71B1AC89-1EBD-4C78-829E-A307E5E976B9}.Release|x86.ActiveCfg = Release|Any CPU
		{71B1AC89-1EBD-4C78-829E-A307E5E976B9}.Release|x86.Build.0 = Release|Any CPU
		{EC8B6CEA-554E-4005-A0F2-06CC0032CFDA}.Debug|Any CPU.ActiveCfg = Debug|Any CPU
		{EC8B6CEA-554E-4005-A0F2-06CC0032CFDA}.Debug|Any CPU.Build.0 = Debug|Any CPU
		{EC8B6CEA-554E-4005-A0F2-06CC0032CFDA}.Debug|x64.ActiveCfg = Debug|Any CPU
		{EC8B6CEA-554E-4005-A0F2-06CC0032CFDA}.Debug|x64.Build.0 = Debug|Any CPU
		{EC8B6CEA-554E-4005-A0F2-06CC0032CFDA}.Debug|x86.ActiveCfg = Debug|Any CPU
		{EC8B6CEA-554E-4005-A0F2-06CC0032CFDA}.Debug|x86.Build.0 = Debug|Any CPU
		{EC8B6CEA-554E-4005-A0F2-06CC0032CFDA}.Release|Any CPU.ActiveCfg = Release|Any CPU
		{EC8B6CEA-554E-4005-A0F2-06CC0032CFDA}.Release|Any CPU.Build.0 = Release|Any CPU
		{EC8B6CEA-554E-4005-A0F2-06CC0032CFDA}.Release|x64.ActiveCfg = Release|Any CPU
		{EC8B6CEA-554E-4005-A0F2-06CC0032CFDA}.Release|x64.Build.0 = Release|Any CPU
		{EC8B6CEA-554E-4005-A0F2-06CC0032CFDA}.Release|x86.ActiveCfg = Release|Any CPU
		{EC8B6CEA-554E-4005-A0F2-06CC0032CFDA}.Release|x86.Build.0 = Release|Any CPU
		{4EB74F9F-1F1B-4406-9C00-B4D8E0EF2D76}.Debug|Any CPU.ActiveCfg = Debug|Any CPU
		{4EB74F9F-1F1B-4406-9C00-B4D8E0EF2D76}.Debug|Any CPU.Build.0 = Debug|Any CPU
		{4EB74F9F-1F1B-4406-9C00-B4D8E0EF2D76}.Debug|x64.ActiveCfg = Debug|Any CPU
		{4EB74F9F-1F1B-4406-9C00-B4D8E0EF2D76}.Debug|x64.Build.0 = Debug|Any CPU
		{4EB74F9F-1F1B-4406-9C00-B4D8E0EF2D76}.Debug|x86.ActiveCfg = Debug|Any CPU
		{4EB74F9F-1F1B-4406-9C00-B4D8E0EF2D76}.Debug|x86.Build.0 = Debug|Any CPU
		{4EB74F9F-1F1B-4406-9C00-B4D8E0EF2D76}.Release|Any CPU.ActiveCfg = Release|Any CPU
		{4EB74F9F-1F1B-4406-9C00-B4D8E0EF2D76}.Release|Any CPU.Build.0 = Release|Any CPU
		{4EB74F9F-1F1B-4406-9C00-B4D8E0EF2D76}.Release|x64.ActiveCfg = Release|Any CPU
		{4EB74F9F-1F1B-4406-9C00-B4D8E0EF2D76}.Release|x64.Build.0 = Release|Any CPU
		{4EB74F9F-1F1B-4406-9C00-B4D8E0EF2D76}.Release|x86.ActiveCfg = Release|Any CPU
		{4EB74F9F-1F1B-4406-9C00-B4D8E0EF2D76}.Release|x86.Build.0 = Release|Any CPU
		{74908555-22D3-42ED-B587-62AD25B92087}.Debug|Any CPU.ActiveCfg = Debug|Any CPU
		{74908555-22D3-42ED-B587-62AD25B92087}.Debug|Any CPU.Build.0 = Debug|Any CPU
		{74908555-22D3-42ED-B587-62AD25B92087}.Debug|x64.ActiveCfg = Debug|Any CPU
		{74908555-22D3-42ED-B587-62AD25B92087}.Debug|x64.Build.0 = Debug|Any CPU
		{74908555-22D3-42ED-B587-62AD25B92087}.Debug|x86.ActiveCfg = Debug|Any CPU
		{74908555-22D3-42ED-B587-62AD25B92087}.Debug|x86.Build.0 = Debug|Any CPU
		{74908555-22D3-42ED-B587-62AD25B92087}.Release|Any CPU.ActiveCfg = Release|Any CPU
		{74908555-22D3-42ED-B587-62AD25B92087}.Release|Any CPU.Build.0 = Release|Any CPU
		{74908555-22D3-42ED-B587-62AD25B92087}.Release|x64.ActiveCfg = Release|Any CPU
		{74908555-22D3-42ED-B587-62AD25B92087}.Release|x64.Build.0 = Release|Any CPU
		{74908555-22D3-42ED-B587-62AD25B92087}.Release|x86.ActiveCfg = Release|Any CPU
		{74908555-22D3-42ED-B587-62AD25B92087}.Release|x86.Build.0 = Release|Any CPU
	EndGlobalSection
	GlobalSection(SolutionProperties) = preSolution
		HideSolutionNode = FALSE
	EndGlobalSection
	GlobalSection(NestedProjects) = preSolution
		{9DAFD006-AC00-4A6D-A897-19B42EA09AA7} = {827E0CD3-B72D-47B6-A68D-7590B98EB39B}
		{CECBA8A3-DE03-434B-AEBF-028435643F82} = {827E0CD3-B72D-47B6-A68D-7590B98EB39B}
		{99043329-693D-4376-9B89-22356A25553F} = {827E0CD3-B72D-47B6-A68D-7590B98EB39B}
		{259E5A1E-D248-4EEB-9D76-AEF2CABD2667} = {0AB3BF05-4346-4AA6-1389-037BE0695223}
		{71B1AC89-1EBD-4C78-829E-A307E5E976B9} = {827E0CD3-B72D-47B6-A68D-7590B98EB39B}
		{EC8B6CEA-554E-4005-A0F2-06CC0032CFDA} = {0AB3BF05-4346-4AA6-1389-037BE0695223}
		{237CDB4C-E7C4-795B-969A-4CCB7C8B335B} = {827E0CD3-B72D-47B6-A68D-7590B98EB39B}
		{4EB74F9F-1F1B-4406-9C00-B4D8E0EF2D76} = {237CDB4C-E7C4-795B-969A-4CCB7C8B335B}
		{74908555-22D3-42ED-B587-62AD25B92087} = {237CDB4C-E7C4-795B-969A-4CCB7C8B335B}
	EndGlobalSection
	GlobalSection(ExtensibilityGlobals) = postSolution
		SolutionGuid = {CDD1AFBC-265B-48A5-8E91-E95ECF04BBCC}
	EndGlobalSection
EndGlobal
